{
  "name": "@rbalchii/anchor-core-tests",
  "version": "1.0.0",
  "lockfileVersion": 3,
  "requires": true,
  "packages": {
    "": {
      "name": "@rbalchii/anchor-core-tests",
      "version": "1.0.0",
      "license": "MIT",
      "dependencies": {
        "@rbalchii/anchor-core": "file:.."
      }
    },
    "..": {},
    "node_modules/@rbalchii/anchor-core": {
      "resolved": "..",
      "link": true
    }
  }
}
